// !$*UTF8*$!
{
	archiveVersion = 1;
	classes = {
	};
	objectVersion = 46;
	objects = {

/* Begin PBXBuildFile section */
		AC97DE3A1C7289CD009D7660 /* AppDelegate.swift in Sources */ = {isa = PBXBuildFile; fileRef = AC97DE391C7289CD009D7660 /* AppDelegate.swift */; };
		AC97DE3C1C7289CD009D7660 /* ViewController.swift in Sources */ = {isa = PBXBuildFile; fileRef = AC97DE3B1C7289CD009D7660 /* ViewController.swift */; };
		AC97DE3F1C7289CD009D7660 /* Main.storyboard in Resources */ = {isa = PBXBuildFile; fileRef = AC97DE3D1C7289CD009D7660 /* Main.storyboard */; };
		AC97DE421C7289CD009D7660 /* GameCenter.xcdatamodeld in Sources */ = {isa = PBXBuildFile; fileRef = AC97DE401C7289CD009D7660 /* GameCenter.xcdatamodeld */; };
		AC97DE441C7289CD009D7660 /* Assets.xcassets in Resources */ = {isa = PBXBuildFile; fileRef = AC97DE431C7289CD009D7660 /* Assets.xcassets */; };
		AC97DE471C7289CD009D7660 /* LaunchScreen.storyboard in Resources */ = {isa = PBXBuildFile; fileRef = AC97DE451C7289CD009D7660 /* LaunchScreen.storyboard */; };
		AC97DE521C7289CD009D7660 /* GameCenterTests.swift in Sources */ = {isa = PBXBuildFile; fileRef = AC97DE511C7289CD009D7660 /* GameCenterTests.swift */; };
		AC97DE5D1C7289CD009D7660 /* GameCenterUITests.swift in Sources */ = {isa = PBXBuildFile; fileRef = AC97DE5C1C7289CD009D7660 /* GameCenterUITests.swift */; };
		AC97DE6B1C7290A3009D7660 /* GameKit.framework in Frameworks */ = {isa = PBXBuildFile; fileRef = AC97DE6A1C7290A3009D7660 /* GameKit.framework */; };
/* End PBXBuildFile section */

/* Begin PBXContainerItemProxy section */
		AC97DE4E1C7289CD009D7660 /* PBXContainerItemProxy */ = {
			isa = PBXContainerItemProxy;
			containerPortal = AC97DE2E1C7289CD009D7660 /* Project object */;
			proxyType = 1;
			remoteGlobalIDString = AC97DE351C7289CD009D7660;
			remoteInfo = GameCenter;
		};
		AC97DE591C7289CD009D7660 /* PBXContainerItemProxy */ = {
			isa = PBXContainerItemProxy;
			containerPortal = AC97DE2E1C7289CD009D7660 /* Project object */;
			proxyType = 1;
			remoteGlobalIDString = AC97DE351C7289CD009D7660;
			remoteInfo = GameCenter;
		};
/* End PBXContainerItemProxy section */

/* Begin PBXFileReference section */
		AC97DE361C7289CD009D7660 /* GameCenter.app */ = {isa = PBXFileReference; explicitFileType = wrapper.application; includeInIndex = 0; path = GameCenter.app; sourceTree = BUILT_PRODUCTS_DIR; };
		AC97DE391C7289CD009D7660 /* AppDelegate.swift */ = {isa = PBXFileReference; lastKnownFileType = sourcecode.swift; path = AppDelegate.swift; sourceTree = "<group>"; };
		AC97DE3B1C7289CD009D7660 /* ViewController.swift */ = {isa = PBXFileReference; lastKnownFileType = sourcecode.swift; path = ViewController.swift; sourceTree = "<group>"; };
		AC97DE3E1C7289CD009D7660 /* Base */ = {isa = PBXFileReference; lastKnownFileType = file.storyboard; name = Base; path = Base.lproj/Main.storyboard; sourceTree = "<group>"; };
		AC97DE411C7289CD009D7660 /* GameCenter.xcdatamodel */ = {isa = PBXFileReference; lastKnownFileType = wrapper.xcdatamodel; path = GameCenter.xcdatamodel; sourceTree = "<group>"; };
		AC97DE431C7289CD009D7660 /* Assets.xcassets */ = {isa = PBXFileReference; lastKnownFileType = folder.assetcatalog; path = Assets.xcassets; sourceTree = "<group>"; };
		AC97DE461C7289CD009D7660 /* Base */ = {isa = PBXFileReference; lastKnownFileType = file.storyboard; name = Base; path = Base.lproj/LaunchScreen.storyboard; sourceTree = "<group>"; };
		AC97DE481C7289CD009D7660 /* Info.plist */ = {isa = PBXFileReference; lastKnownFileType = text.plist.xml; path = Info.plist; sourceTree = "<group>"; };
		AC97DE4D1C7289CD009D7660 /* GameCenterTests.xctest */ = {isa = PBXFileReference; explicitFileType = wrapper.cfbundle; includeInIndex = 0; path = GameCenterTests.xctest; sourceTree = BUILT_PRODUCTS_DIR; };
		AC97DE511C7289CD009D7660 /* GameCenterTests.swift */ = {isa = PBXFileReference; lastKnownFileType = sourcecode.swift; path = GameCenterTests.swift; sourceTree = "<group>"; };
		AC97DE531C7289CD009D7660 /* Info.plist */ = {isa = PBXFileReference; lastKnownFileType = text.plist.xml; path = Info.plist; sourceTree = "<group>"; };
		AC97DE581C7289CD009D7660 /* GameCenterUITests.xctest */ = {isa = PBXFileReference; explicitFileType = wrapper.cfbundle; includeInIndex = 0; path = GameCenterUITests.xctest; sourceTree = BUILT_PRODUCTS_DIR; };
		AC97DE5C1C7289CD009D7660 /* GameCenterUITests.swift */ = {isa = PBXFileReference; lastKnownFileType = sourcecode.swift; path = GameCenterUITests.swift; sourceTree = "<group>"; };
		AC97DE5E1C7289CD009D7660 /* Info.plist */ = {isa = PBXFileReference; lastKnownFileType = text.plist.xml; path = Info.plist; sourceTree = "<group>"; };
		AC97DE6A1C7290A3009D7660 /* GameKit.framework */ = {isa = PBXFileReference; lastKnownFileType = wrapper.framework; name = GameKit.framework; path = System/Library/Frameworks/GameKit.framework; sourceTree = SDKROOT; };
/* End PBXFileReference section */

/* Begin PBXFrameworksBuildPhase section */
		AC97DE331C7289CD009D7660 /* Frameworks */ = {
			isa = PBXFrameworksBuildPhase;
			buildActionMask = 2147483647;
			files = (
				AC97DE6B1C7290A3009D7660 /* GameKit.framework in Frameworks */,
			);
			runOnlyForDeploymentPostprocessing = 0;
		};
		AC97DE4A1C7289CD009D7660 /* Frameworks */ = {
			isa = PBXFrameworksBuildPhase;
			buildActionMask = 2147483647;
			files = (
			);
			runOnlyForDeploymentPostprocessing = 0;
		};
		AC97DE551C7289CD009D7660 /* Frameworks */ = {
			isa = PBXFrameworksBuildPhase;
			buildActionMask = 2147483647;
			files = (
			);
			runOnlyForDeploymentPostprocessing = 0;
		};
/* End PBXFrameworksBuildPhase section */

/* Begin PBXGroup section */
		AC97DE2D1C7289CD009D7660 = {
			isa = PBXGroup;
			children = (
				AC97DE6A1C7290A3009D7660 /* GameKit.framework */,
				AC97DE381C7289CD009D7660 /* GameCenter */,
				AC97DE501C7289CD009D7660 /* GameCenterTests */,
				AC97DE5B1C7289CD009D7660 /* GameCenterUITests */,
				AC97DE371C7289CD009D7660 /* Products */,
			);
			sourceTree = "<group>";
		};
		AC97DE371C7289CD009D7660 /* Products */ = {
			isa = PBXGroup;
			children = (
				AC97DE361C7289CD009D7660 /* GameCenter.app */,
				AC97DE4D1C7289CD009D7660 /* GameCenterTests.xctest */,
				AC97DE581C7289CD009D7660 /* GameCenterUITests.xctest */,
			);
			name = Products;
			sourceTree = "<group>";
		};
		AC97DE381C7289CD009D7660 /* GameCenter */ = {
			isa = PBXGroup;
			children = (
				AC97DE391C7289CD009D7660 /* AppDelegate.swift */,
				AC97DE3B1C7289CD009D7660 /* ViewController.swift */,
				AC97DE3D1C7289CD009D7660 /* Main.storyboard */,
				AC97DE431C7289CD009D7660 /* Assets.xcassets */,
				AC97DE451C7289CD009D7660 /* LaunchScreen.storyboard */,
				AC97DE481C7289CD009D7660 /* Info.plist */,
				AC97DE401C7289CD009D7660 /* GameCenter.xcdatamodeld */,
			);
			path = GameCenter;
			sourceTree = "<group>";
		};
		AC97DE501C7289CD009D7660 /* GameCenterTests */ = {
			isa = PBXGroup;
			children = (
				AC97DE511C7289CD009D7660 /* GameCenterTests.swift */,
				AC97DE531C7289CD009D7660 /* Info.plist */,
			);
			path = GameCenterTests;
			sourceTree = "<group>";
		};
		AC97DE5B1C7289CD009D7660 /* GameCenterUITests */ = {
			isa = PBXGroup;
			children = (
				AC97DE5C1C7289CD009D7660 /* GameCenterUITests.swift */,
				AC97DE5E1C7289CD009D7660 /* Info.plist */,
			);
			path = GameCenterUITests;
			sourceTree = "<group>";
		};
/* End PBXGroup section */

/* Begin PBXNativeTarget section */
		AC97DE351C7289CD009D7660 /* GameCenter */ = {
			isa = PBXNativeTarget;
			buildConfigurationList = AC97DE611C7289CD009D7660 /* Build configuration list for PBXNativeTarget "GameCenter" */;
			buildPhases = (
				AC97DE321C7289CD009D7660 /* Sources */,
				AC97DE331C7289CD009D7660 /* Frameworks */,
				AC97DE341C7289CD009D7660 /* Resources */,
			);
			buildRules = (
			);
			dependencies = (
			);
			name = GameCenter;
			productName = GameCenter;
			productReference = AC97DE361C7289CD009D7660 /* GameCenter.app */;
			productType = "com.apple.product-type.application";
		};
		AC97DE4C1C7289CD009D7660 /* GameCenterTests */ = {
			isa = PBXNativeTarget;
			buildConfigurationList = AC97DE641C7289CD009D7660 /* Build configuration list for PBXNativeTarget "GameCenterTests" */;
			buildPhases = (
				AC97DE491C7289CD009D7660 /* Sources */,
				AC97DE4A1C7289CD009D7660 /* Frameworks */,
				AC97DE4B1C7289CD009D7660 /* Resources */,
			);
			buildRules = (
			);
			dependencies = (
				AC97DE4F1C7289CD009D7660 /* PBXTargetDependency */,
			);
			name = GameCenterTests;
			productName = GameCenterTests;
			productReference = AC97DE4D1C7289CD009D7660 /* GameCenterTests.xctest */;
			productType = "com.apple.product-type.bundle.unit-test";
		};
		AC97DE571C7289CD009D7660 /* GameCenterUITests */ = {
			isa = PBXNativeTarget;
			buildConfigurationList = AC97DE671C7289CD009D7660 /* Build configuration list for PBXNativeTarget "GameCenterUITests" */;
			buildPhases = (
				AC97DE541C7289CD009D7660 /* Sources */,
				AC97DE551C7289CD009D7660 /* Frameworks */,
				AC97DE561C7289CD009D7660 /* Resources */,
			);
			buildRules = (
			);
			dependencies = (
				AC97DE5A1C7289CD009D7660 /* PBXTargetDependency */,
			);
			name = GameCenterUITests;
			productName = GameCenterUITests;
			productReference = AC97DE581C7289CD009D7660 /* GameCenterUITests.xctest */;
			productType = "com.apple.product-type.bundle.ui-testing";
		};
/* End PBXNativeTarget section */

/* Begin PBXProject section */
		AC97DE2E1C7289CD009D7660 /* Project object */ = {
			isa = PBXProject;
			attributes = {
				LastSwiftUpdateCheck = 0720;
				LastUpgradeCheck = 0720;
				ORGANIZATIONNAME = Archetapp;
				TargetAttributes = {
					AC97DE351C7289CD009D7660 = {
						CreatedOnToolsVersion = 7.2.1;
						DevelopmentTeam = G4K3J435AS;
						SystemCapabilities = {
							com.apple.GameCenter = {
								enabled = 1;
							};
						};
					};
					AC97DE4C1C7289CD009D7660 = {
						CreatedOnToolsVersion = 7.2.1;
						TestTargetID = AC97DE351C7289CD009D7660;
					};
					AC97DE571C7289CD009D7660 = {
						CreatedOnToolsVersion = 7.2.1;
						TestTargetID = AC97DE351C7289CD009D7660;
					};
				};
			};
			buildConfigurationList = AC97DE311C7289CD009D7660 /* Build configuration list for PBXProject "GameCenter" */;
			compatibilityVersion = "Xcode 3.2";
			developmentRegion = English;
			hasScannedForEncodings = 0;
			knownRegions = (
				en,
				Base,
			);
			mainGroup = AC97DE2D1C7289CD009D7660;
			productRefGroup = AC97DE371C7289CD009D7660 /* Products */;
			projectDirPath = "";
			projectRoot = "";
			targets = (
				AC97DE351C7289CD009D7660 /* GameCenter */,
				AC97DE4C1C7289CD009D7660 /* GameCenterTests */,
				AC97DE571C7289CD009D7660 /* GameCenterUITests */,
			);
		};
/* End PBXProject section */

/* Begin PBXResourcesBuildPhase section */
		AC97DE341C7289CD009D7660 /* Resources */ = {
			isa = PBXResourcesBuildPhase;
			buildActionMask = 2147483647;
			files = (
				AC97DE471C7289CD009D7660 /* LaunchScreen.storyboard in Resources */,
				AC97DE441C7289CD009D7660 /* Assets.xcassets in Resources */,
				AC97DE3F1C7289CD009D7660 /* Main.storyboard in Resources */,
			);
			runOnlyForDeploymentPostprocessing = 0;
		};
		AC97DE4B1C7289CD009D7660 /* Resources */ = {
			isa = PBXResourcesBuildPhase;
			buildActionMask = 2147483647;
			files = (
			);
			runOnlyForDeploymentPostprocessing = 0;
		};
		AC97DE561C7289CD009D7660 /* Resources */ = {
			isa = PBXResourcesBuildPhase;
			buildActionMask = 2147483647;
			files = (
			);
			runOnlyForDeploymentPostprocessing = 0;
		};
/* End PBXResourcesBuildPhase section */

/* Begin PBXSourcesBuildPhase section */
		AC97DE321C7289CD009D7660 /* Sources */ = {
			isa = PBXSourcesBuildPhase;
			buildActionMask = 2147483647;
			files = (
				AC97DE421C7289CD009D7660 /* GameCenter.xcdatamodeld in Sources */,
				AC97DE3C1C7289CD009D7660 /* ViewController.swift in Sources */,
				AC97DE3A1C7289CD009D7660 /* AppDelegate.swift in Sources */,
			);
			runOnlyForDeploymentPostprocessing = 0;
		};
		AC97DE491C7289CD009D7660 /* Sources */ = {
			isa = PBXSourcesBuildPhase;
			buildActionMask = 2147483647;
			files = (
				AC97DE521C7289CD009D7660 /* GameCenterTests.swift in Sources */,
			);
			runOnlyForDeploymentPostprocessing = 0;
		};
		AC97DE541C7289CD009D7660 /* Sources */ = {
			isa = PBXSourcesBuildPhase;
			buildActionMask = 2147483647;
			files = (
				AC97DE5D1C7289CD009D7660 /* GameCenterUITests.swift in Sources */,
			);
			runOnlyForDeploymentPostprocessing = 0;
		};
/* End PBXSourcesBuildPhase section */

/* Begin PBXTargetDependency section */
		AC97DE4F1C7289CD009D7660 /* PBXTargetDependency */ = {
			isa = PBXTargetDependency;
			target = AC97DE351C7289CD009D7660 /* GameCenter */;
			targetProxy = AC97DE4E1C7289CD009D7660 /* PBXContainerItemProxy */;
		};
		AC97DE5A1C7289CD009D7660 /* PBXTargetDependency */ = {
			isa = PBXTargetDependency;
			target = AC97DE351C7289CD009D7660 /* GameCenter */;
			targetProxy = AC97DE591C7289CD009D7660 /* PBXContainerItemProxy */;
		};
/* End PBXTargetDependency section */

/* Begin PBXVariantGroup section */
		AC97DE3D1C7289CD009D7660 /* Main.storyboard */ = {
			isa = PBXVariantGroup;
			children = (
				AC97DE3E1C7289CD009D7660 /* Base */,
			);
			name = Main.storyboard;
			sourceTree = "<group>";
		};
		AC97DE451C7289CD009D7660 /* LaunchScreen.storyboard */ = {
			isa = PBXVariantGroup;
			children = (
				AC97DE461C7289CD009D7660 /* Base */,
			);
			name = LaunchScreen.storyboard;
			sourceTree = "<group>";
		};
/* End PBXVariantGroup section */

/* Begin XCBuildConfiguration section */
		AC97DE5F1C7289CD009D7660 /* Debug */ = {
			isa = XCBuildConfiguration;
			buildSettings = {
				ALWAYS_SEARCH_USER_PATHS = NO;
				CLANG_CXX_LANGUAGE_STANDARD = "gnu++0x";
				CLANG_CXX_LIBRARY = "libc++";
				CLANG_ENABLE_MODULES = YES;
				CLANG_ENABLE_OBJC_ARC = YES;
				CLANG_WARN_BOOL_CONVERSION = YES;
				CLANG_WARN_CONSTANT_CONVERSION = YES;
				CLANG_WARN_DIRECT_OBJC_ISA_USAGE = YES_ERROR;
				CLANG_WARN_EMPTY_BODY = YES;
				CLANG_WARN_ENUM_CONVERSION = YES;
				CLANG_WARN_INT_CONVERSION = YES;
				CLANG_WARN_OBJC_ROOT_CLASS = YES_ERROR;
				CLANG_WARN_UNREACHABLE_CODE = YES;
				CLANG_WARN__DUPLICATE_METHOD_MATCH = YES;
				"CODE_SIGN_IDENTITY[sdk=iphoneos*]" = "iPhone Developer";
				COPY_PHASE_STRIP = NO;
				DEBUG_INFORMATION_FORMAT = dwarf;
				ENABLE_STRICT_OBJC_MSGSEND = YES;
				ENABLE_TESTABILITY = YES;
				GCC_C_LANGUAGE_STANDARD = gnu99;
				GCC_DYNAMIC_NO_PIC = NO;
				GCC_NO_COMMON_BLOCKS = YES;
				GCC_OPTIMIZATION_LEVEL = 0;
				GCC_PREPROCESSOR_DEFINITIONS = (
					"DEBUG=1",
					"$(inherited)",
				);
				GCC_WARN_64_TO_32_BIT_CONVERSION = YES;
				GCC_WARN_ABOUT_RETURN_TYPE = YES_ERROR;
				GCC_WARN_UNDECLARED_SELECTOR = YES;
				GCC_WARN_UNINITIALIZED_AUTOS = YES_AGGRESSIVE;
				GCC_WARN_UNUSED_FUNCTION = YES;
				GCC_WARN_UNUSED_VARIABLE = YES;
				IPHONEOS_DEPLOYMENT_TARGET = 9.2;
				MTL_ENABLE_DEBUG_INFO = YES;
				ONLY_ACTIVE_ARCH = YES;
				SDKROOT = iphoneos;
				SWIFT_OPTIMIZATION_LEVEL = "-Onone";
				TARGETED_DEVICE_FAMILY = "1,2";
			};
			name = Debug;
		};
		AC97DE601C7289CD009D7660 /* Release */ = {
			isa = XCBuildConfiguration;
			buildSettings = {
				ALWAYS_SEARCH_USER_PATHS = NO;
				CLANG_CXX_LANGUAGE_STANDARD = "gnu++0x";
				CLANG_CXX_LIBRARY = "libc++";
				CLANG_ENABLE_MODULES = YES;
				CLANG_ENABLE_OBJC_ARC = YES;
				CLANG_WARN_BOOL_CONVERSION = YES;
				CLANG_WARN_CONSTANT_CONVERSION = YES;
				CLANG_WARN_DIRECT_OBJC_ISA_USAGE = YES_ERROR;
				CLANG_WARN_EMPTY_BODY = YES;
				CLANG_WARN_ENUM_CONVERSION = YES;
				CLANG_WARN_INT_CONVERSION = YES;
				CLANG_WARN_OBJC_ROOT_CLASS = YES_ERROR;
				CLANG_WARN_UNREACHABLE_CODE = YES;
				CLANG_WARN__DUPLICATE_METHOD_MATCH = YES;
				"CODE_SIGN_IDENTITY[sdk=iphoneos*]" = "iPhone Developer";
				COPY_PHASE_STRIP = NO;
				DEBUG_INFORMATION_FORMAT = "dwarf-with-dsym";
				ENABLE_NS_ASSERTIONS = NO;
				ENABLE_STRICT_OBJC_MSGSEND = YES;
				GCC_C_LANGUAGE_STANDARD = gnu99;
				GCC_NO_COMMON_BLOCKS = YES;
				GCC_WARN_64_TO_32_BIT_CONVERSION = YES;
				GCC_WARN_ABOUT_RETURN_TYPE = YES_ERROR;
				GCC_WARN_UNDECLARED_SELECTOR = YES;
				GCC_WARN_UNINITIALIZED_AUTOS = YES_AGGRESSIVE;
				GCC_WARN_UNUSED_FUNCTION = YES;
				GCC_WARN_UNUSED_VARIABLE = YES;
				IPHONEOS_DEPLOYMENT_TARGET = 9.2;
				MTL_ENABLE_DEBUG_INFO = NO;
				SDKROOT = iphoneos;
				TARGETED_DEVICE_FAMILY = "1,2";
				VALIDATE_PRODUCT = YES;
			};
			name = Release;
		};
		AC97DE621C7289CD009D7660 /* Debug */ = {
			isa = XCBuildConfiguration;
			buildSettings = {
				ASSETCATALOG_COMPILER_APPICON_NAME = AppIcon;
				CODE_SIGN_IDENTITY = "iPhone Developer";
				"CODE_SIGN_IDENTITY[sdk=iphoneos*]" = "iPhone Developer";
				INFOPLIST_FILE = GameCenter/Info.plist;
				LD_RUNPATH_SEARCH_PATHS = "$(inherited) @executable_path/Frameworks";
				PRODUCT_BUNDLE_IDENTIFIER = Archetapp.GameCenter;
				PRODUCT_NAME = "$(TARGET_NAME)";
				PROVISIONING_PROFILE = "";
			};
			name = Debug;
		};
		AC97DE631C7289CD009D7660 /* Release */ = {
			isa = XCBuildConfiguration;
			buildSettings = {
				ASSETCATALOG_COMPILER_APPICON_NAME = AppIcon;
				CODE_SIGN_IDENTITY = "iPhone Developer";
				"CODE_SIGN_IDENTITY[sdk=iphoneos*]" = "iPhone Developer";
				INFOPLIST_FILE = GameCenter/Info.plist;
				LD_RUNPATH_SEARCH_PATHS = "$(inherited) @executable_path/Frameworks";
				PRODUCT_BUNDLE_IDENTIFIER = Archetapp.GameCenter;
				PRODUCT_NAME = "$(TARGET_NAME)";
				PROVISIONING_PROFILE = "";
			};
			name = Release;
		};
		AC97DE651C7289CD009D7660 /* Debug */ = {
			isa = XCBuildConfiguration;
			buildSettings = {
				BUNDLE_LOADER = "$(TEST_HOST)";
				INFOPLIST_FILE = GameCenterTests/Info.plist;
				LD_RUNPATH_SEARCH_PATHS = "$(inherited) @executable_path/Frameworks @loader_path/Frameworks";
				PRODUCT_BUNDLE_IDENTIFIER = Archetapp.GameCenterTests;
				PRODUCT_NAME = "$(TARGET_NAME)";
				TEST_HOST = "$(BUILT_PRODUCTS_DIR)/GameCenter.app/GameCenter";
			};
			name = Debug;
		};
		AC97DE661C7289CD009D7660 /* Release */ = {
			isa = XCBuildConfiguration;
			buildSettings = {
				BUNDLE_LOADER = "$(TEST_HOST)";
				INFOPLIST_FILE = GameCenterTests/Info.plist;
				LD_RUNPATH_SEARCH_PATHS = "$(inherited) @executable_path/Frameworks @loader_path/Frameworks";
				PRODUCT_BUNDLE_IDENTIFIER = Archetapp.GameCenterTests;
				PRODUCT_NAME = "$(TARGET_NAME)";
				TEST_HOST = "$(BUILT_PRODUCTS_DIR)/GameCenter.app/GameCenter";
			};
			name = Release;
		};
		AC97DE681C7289CD009D7660 /* Debug */ = {
			isa = XCBuildConfiguration;
			buildSettings = {
				INFOPLIST_FILE = GameCenterUITests/Info.plist;
				LD_RUNPATH_SEARCH_PATHS = "$(inherited) @executable_path/Frameworks @loader_path/Frameworks";
				PRODUCT_BUNDLE_IDENTIFIER = Archetapp.GameCenterUITests;
				PRODUCT_NAME = "$(TARGET_NAME)";
				TEST_TARGET_NAME = GameCenter;
				USES_XCTRUNNER = YES;
			};
			name = Debug;
		};
		AC97DE691C7289CD009D7660 /* Release */ = {
			isa = XCBuildConfiguration;
			buildSettings = {
				INFOPLIST_FILE = GameCenterUITests/Info.plist;
				LD_RUNPATH_SEARCH_PATHS = "$(inherited) @executable_path/Frameworks @loader_path/Frameworks";
				PRODUCT_BUNDLE_IDENTIFIER = Archetapp.GameCenterUITests;
				PRODUCT_NAME = "$(TARGET_NAME)";
				TEST_TARGET_NAME = GameCenter;
				USES_XCTRUNNER = YES;
			};
			name = Release;
		};
/* End XCBuildConfiguration section */

/* Begin XCConfigurationList section */
		AC97DE311C7289CD009D7660 /* Build configuration list for PBXProject "GameCenter" */ = {
			isa = XCConfigurationList;
			buildConfigurations = (
				AC97DE5F1C7289CD009D7660 /* Debug */,
				AC97DE601C7289CD009D7660 /* Release */,
			);
			defaultConfigurationIsVisible = 0;
			defaultConfigurationName = Release;
		};
		AC97DE611C7289CD009D7660 /* Build configuration list for PBXNativeTarget "GameCenter" */ = {
			isa = XCConfigurationList;
			buildConfigurations = (
				AC97DE621C7289CD009D7660 /* Debug */,
				AC97DE631C7289CD009D7660 /* Release */,
			);
			defaultConfigurationIsVisible = 0;
		};
		AC97DE641C7289CD009D7660 /* Build configuration list for PBXNativeTarget "GameCenterTests" */ = {
			isa = XCConfigurationList;
			buildConfigurations = (
				AC97DE651C7289CD009D7660 /* Debug */,
				AC97DE661C7289CD009D7660 /* Release */,
			);
			defaultConfigurationIsVisible = 0;
		};
		AC97DE671C7289CD009D7660 /* Build configuration list for PBXNativeTarget "GameCenterUITests" */ = {
			isa = XCConfigurationList;
			buildConfigurations = (
				AC97DE681C7289CD009D7660 /* Debug */,
				AC97DE691C7289CD009D7660 /* Release */,
			);
			defaultConfigurationIsVisible = 0;
		};
/* End XCConfigurationList section */

/* Begin XCVersionGroup section */
		AC97DE401C7289CD009D7660 /* GameCenter.xcdatamodeld */ = {
			isa = XCVersionGroup;
			children = (
				AC97DE411C7289CD009D7660 /* GameCenter.xcdatamodel */,
			);
			currentVersion = AC97DE411C7289CD009D7660 /* GameCenter.xcdatamodel */;
			path = GameCenter.xcdatamodeld;
			sourceTree = "<group>";
			versionGroupType = wrapper.xcdatamodel;
		};
/* End XCVersionGroup section */
	};
	rootObject = AC97DE2E1C7289CD009D7660 /* Project object */;
}
